{
  "version": 4,
  "terraform_version": "1.2.9",
  "serial": 22,
  "lineage": "0076d3cc-8995-f800-53e0-42217cdcdb83",
  "outputs": {
    "lab_compartment": {
      "value": "ocid1.compartment.oc1..aaaaaaaaumf6pqxtptt2vx3bfql7oidhjn6qezigum2s7y6x2yq5363smq3a",
      "type": "string"
    },
    "lab_vcn": {
      "value": "ocid1.vcn.oc1.eu-frankfurt-1.amaaaaaafa2l3syalwo74pp3eq2ih25gi6izgzljxucwrvxunhpahjdokq4q",
      "type": "string"
    },
    "oracle_images": {
      "value": [
        "Oracle-Linux-7.9-2022.08.29-0",
        "Oracle-Linux-7.9-2022.08.08-0",
        "Oracle-Linux-7.9-2022.06.30-0"
      ],
      "type": [
        "list",
        "string"
      ]
    }
  },
  "resources": [
    {
      "mode": "data",
      "type": "oci_core_images",
      "name": "oracle_images",
      "provider": "provider[\"registry.terraform.io/oracle/oci\"]",
      "instances": [
        {
          "schema_version": 0,
          "attributes": {
            "compartment_id": "ocid1.compartment.oc1..aaaaaaaaumf6pqxtptt2vx3bfql7oidhjn6qezigum2s7y6x2yq5363smq3a",
            "display_name": null,
            "filter": null,
            "id": "CoreImagesDataSource-2488599282",
            "images": [
              {
                "agent_features": [],
                "base_image_id": "",
                "billable_size_in_gbs": "4",
                "compartment_id": "",
                "create_image_allowed": true,
                "defined_tags": {},
                "display_name": "Oracle-Linux-7.9-2022.08.29-0",
                "freeform_tags": {},
                "id": "ocid1.image.oc1.eu-frankfurt-1.aaaaaaaa2rvao6svyt7we4tbezwmgns24a3oq2m4gsvoe6ovqkrd6hhbn6fq",
                "image_source_details": [],
                "instance_id": "",
                "launch_mode": "NATIVE",
                "launch_options": [
                  {
                    "boot_volume_type": "PARAVIRTUALIZED",
                    "firmware": "UEFI_64",
                    "is_consistent_volume_naming_enabled": true,
                    "is_pv_encryption_in_transit_enabled": true,
                    "network_type": "PARAVIRTUALIZED",
                    "remote_data_volume_type": "PARAVIRTUALIZED"
                  }
                ],
                "listing_type": "",
                "operating_system": "Oracle Linux",
                "operating_system_version": "7.9",
                "size_in_mbs": "47694",
                "state": "AVAILABLE",
                "time_created": "2022-09-05 05:23:22.714 +0000 UTC"
              },
              {
                "agent_features": [],
                "base_image_id": "",
                "billable_size_in_gbs": "4",
                "compartment_id": "",
                "create_image_allowed": true,
                "defined_tags": {},
                "display_name": "Oracle-Linux-7.9-2022.08.08-0",
                "freeform_tags": {},
                "id": "ocid1.image.oc1.eu-frankfurt-1.aaaaaaaarwsp3psjjpluqpb4krvao2xvs5cnaei3whekxlc2a6oqqbrfpliq",
                "image_source_details": [],
                "instance_id": "",
                "launch_mode": "NATIVE",
                "launch_options": [
                  {
                    "boot_volume_type": "PARAVIRTUALIZED",
                    "firmware": "UEFI_64",
                    "is_consistent_volume_naming_enabled": true,
                    "is_pv_encryption_in_transit_enabled": true,
                    "network_type": "PARAVIRTUALIZED",
                    "remote_data_volume_type": "PARAVIRTUALIZED"
                  }
                ],
                "listing_type": "",
                "operating_system": "Oracle Linux",
                "operating_system_version": "7.9",
                "size_in_mbs": "47694",
                "state": "AVAILABLE",
                "time_created": "2022-08-10 06:44:57.842 +0000 UTC"
              },
              {
                "agent_features": [],
                "base_image_id": "",
                "billable_size_in_gbs": "4",
                "compartment_id": "",
                "create_image_allowed": true,
                "defined_tags": {},
                "display_name": "Oracle-Linux-7.9-2022.06.30-0",
                "freeform_tags": {},
                "id": "ocid1.image.oc1.eu-frankfurt-1.aaaaaaaaxmidyxdtgoxxznyndnvmheikfeeriikla62jrlfsm5qopsnajkfq",
                "image_source_details": [],
                "instance_id": "",
                "launch_mode": "NATIVE",
                "launch_options": [
                  {
                    "boot_volume_type": "PARAVIRTUALIZED",
                    "firmware": "UEFI_64",
                    "is_consistent_volume_naming_enabled": true,
                    "is_pv_encryption_in_transit_enabled": true,
                    "network_type": "PARAVIRTUALIZED",
                    "remote_data_volume_type": "PARAVIRTUALIZED"
                  }
                ],
                "listing_type": "",
                "operating_system": "Oracle Linux",
                "operating_system_version": "7.9",
                "size_in_mbs": "47694",
                "state": "AVAILABLE",
                "time_created": "2022-07-07 09:20:11.968 +0000 UTC"
              }
            ],
            "operating_system": "Oracle Linux",
            "operating_system_version": "7.9",
            "shape": "VM.Standard.E4.Flex",
            "sort_by": "TIMECREATED",
            "sort_order": null,
            "state": null
          },
          "sensitive_attributes": []
        }
      ]
    },
    {
      "mode": "data",
      "type": "oci_identity_compartment",
      "name": "lab_compartment",
      "provider": "provider[\"registry.terraform.io/oracle/oci\"]",
      "instances": [
        {
          "schema_version": 0,
          "attributes": {
            "compartment_id": "ocid1.compartment.oc1..aaaaaaaarwdzpyew2frhxyoor5lymqzlcktktzu7mnd24zpvu3l5id3mupaq",
            "defined_tags": {
              "Oracle-Tags.CreatedBy": "oracleidentitycloudservice/martin.x.berger@accenture.com",
              "Oracle-Tags.CreatedOn": "2022-09-13T09:27:46.946Z",
              "Owner.Creator": "oracleidentitycloudservice/martin.x.berger@accenture.com"
            },
            "description": "DOAG Student02",
            "freeform_tags": {},
            "id": "ocid1.compartment.oc1..aaaaaaaaumf6pqxtptt2vx3bfql7oidhjn6qezigum2s7y6x2yq5363smq3a",
            "inactive_state": null,
            "is_accessible": true,
            "name": "Student02",
            "state": "ACTIVE",
            "time_created": "2022-09-13 09:27:47.015 +0000 UTC"
          },
          "sensitive_attributes": []
        }
      ]
    },
    {
      "mode": "data",
      "type": "oci_identity_compartments",
      "name": "lab_compartments",
      "provider": "provider[\"registry.terraform.io/oracle/oci\"]",
      "instances": [
        {
          "schema_version": 0,
          "attributes": {
            "access_level": null,
            "compartment_id": "ocid1.compartment.oc1..aaaaaaaarwdzpyew2frhxyoor5lymqzlcktktzu7mnd24zpvu3l5id3mupaq",
            "compartment_id_in_subtree": null,
            "compartments": [
              {
                "compartment_id": "ocid1.compartment.oc1..aaaaaaaarwdzpyew2frhxyoor5lymqzlcktktzu7mnd24zpvu3l5id3mupaq",
                "defined_tags": {
                  "Oracle-Tags.CreatedBy": "oracleidentitycloudservice/martin.x.berger@accenture.com",
                  "Oracle-Tags.CreatedOn": "2022-09-13T09:27:46.946Z",
                  "Owner.Creator": "oracleidentitycloudservice/martin.x.berger@accenture.com"
                },
                "description": "DOAG Student02",
                "enable_delete": false,
                "freeform_tags": {},
                "id": "ocid1.compartment.oc1..aaaaaaaaumf6pqxtptt2vx3bfql7oidhjn6qezigum2s7y6x2yq5363smq3a",
                "inactive_state": "",
                "is_accessible": false,
                "name": "Student02",
                "state": "ACTIVE",
                "time_created": "2022-09-13 09:27:47.015 +0000 UTC"
              }
            ],
            "filter": null,
            "id": "IdentityCompartmentsDataSource-945710577",
            "name": "Student02",
            "state": null
          },
          "sensitive_attributes": []
        }
      ]
    },
    {
      "mode": "managed",
      "type": "oci_core_default_dhcp_options",
      "name": "public_dhcp_option",
      "provider": "provider[\"registry.terraform.io/oracle/oci\"]",
      "instances": [
        {
          "schema_version": 0,
          "attributes": {
            "compartment_id": "ocid1.compartment.oc1..aaaaaaaaumf6pqxtptt2vx3bfql7oidhjn6qezigum2s7y6x2yq5363smq3a",
            "defined_tags": {
              "Oracle-Tags.CreatedBy": "oracleidentitycloudservice/doagoci02",
              "Oracle-Tags.CreatedOn": "2022-09-22T14:06:38.710Z",
              "Owner.Creator": "oracleidentitycloudservice/doagoci02"
            },
            "display_name": "Default public dhcp vnc-doag-student-02",
            "domain_name_type": "CUSTOM_DOMAIN",
            "freeform_tags": {},
            "id": "ocid1.dhcpoptions.oc1.eu-frankfurt-1.aaaaaaaaquz536dx2yuu3nmi32efbanaxuazygcv76hbhor4s2qdo4ijutuq",
            "manage_default_resource_id": "ocid1.dhcpoptions.oc1.eu-frankfurt-1.aaaaaaaaquz536dx2yuu3nmi32efbanaxuazygcv76hbhor4s2qdo4ijutuq",
            "options": [
              {
                "custom_dns_servers": [],
                "search_domain_names": [
                  "doagstudent02.oraclevcn.com"
                ],
                "server_type": "",
                "type": "SearchDomain"
              },
              {
                "custom_dns_servers": [],
                "search_domain_names": [],
                "server_type": "VcnLocalPlusInternet",
                "type": "DomainNameServer"
              }
            ],
            "state": "AVAILABLE",
            "time_created": "2022-09-22 14:06:38.999 +0000 UTC",
            "timeouts": null
          },
          "sensitive_attributes": [],
          "private": "eyJlMmJmYjczMC1lY2FhLTExZTYtOGY4OC0zNDM2M2JjN2M0YzAiOnsiY3JlYXRlIjoxMjAwMDAwMDAwMDAwLCJkZWxldGUiOjEyMDAwMDAwMDAwMDAsInVwZGF0ZSI6MTIwMDAwMDAwMDAwMH19",
          "dependencies": [
            "data.oci_identity_compartment.lab_compartment",
            "data.oci_identity_compartments.lab_compartments",
            "oci_core_vcn.vcn"
          ]
        }
      ]
    },
    {
      "mode": "managed",
      "type": "oci_core_default_route_table",
      "name": "default_route_table",
      "provider": "provider[\"registry.terraform.io/oracle/oci\"]",
      "instances": [
        {
          "schema_version": 0,
          "attributes": {
            "compartment_id": "ocid1.compartment.oc1..aaaaaaaaumf6pqxtptt2vx3bfql7oidhjn6qezigum2s7y6x2yq5363smq3a",
            "defined_tags": {
              "Oracle-Tags.CreatedBy": "oracleidentitycloudservice/doagoci02",
              "Oracle-Tags.CreatedOn": "2022-09-22T14:06:38.710Z",
              "Owner.Creator": "oracleidentitycloudservice/doagoci02"
            },
            "display_name": "rt-doag-student-02-public",
            "freeform_tags": {},
            "id": "ocid1.routetable.oc1.eu-frankfurt-1.aaaaaaaa7sxzfnvve76hw5zsj7ympg3ahfg34dqiidcam2cwcimgsazhi5ra",
            "manage_default_resource_id": "ocid1.routetable.oc1.eu-frankfurt-1.aaaaaaaa7sxzfnvve76hw5zsj7ympg3ahfg34dqiidcam2cwcimgsazhi5ra",
            "route_rules": [
              {
                "cidr_block": "",
                "description": "",
                "destination": "0.0.0.0/0",
                "destination_type": "CIDR_BLOCK",
                "network_entity_id": "ocid1.internetgateway.oc1.eu-frankfurt-1.aaaaaaaatk3x4xnakgwloolejoef72lyoo2vne5vtsxs6r57uv3t4j5w57ja",
                "route_type": ""
              }
            ],
            "state": "AVAILABLE",
            "time_created": "2022-09-22 14:06:38.821 +0000 UTC",
            "timeouts": null
          },
          "sensitive_attributes": [],
          "private": "eyJlMmJmYjczMC1lY2FhLTExZTYtOGY4OC0zNDM2M2JjN2M0YzAiOnsiY3JlYXRlIjoxMjAwMDAwMDAwMDAwLCJkZWxldGUiOjEyMDAwMDAwMDAwMDAsInVwZGF0ZSI6MTIwMDAwMDAwMDAwMH19",
          "dependencies": [
            "data.oci_identity_compartment.lab_compartment",
            "data.oci_identity_compartments.lab_compartments",
            "oci_core_internet_gateway.igw",
            "oci_core_vcn.vcn"
          ]
        }
      ]
    },
    {
      "mode": "managed",
      "type": "oci_core_default_security_list",
      "name": "public_security_list",
      "provider": "provider[\"registry.terraform.io/oracle/oci\"]",
      "instances": [
        {
          "schema_version": 0,
          "attributes": {
            "compartment_id": "ocid1.compartment.oc1..aaaaaaaaumf6pqxtptt2vx3bfql7oidhjn6qezigum2s7y6x2yq5363smq3a",
            "defined_tags": {
              "Oracle-Tags.CreatedBy": "oracleidentitycloudservice/doagoci02",
              "Oracle-Tags.CreatedOn": "2022-09-22T14:06:38.710Z",
              "Owner.Creator": "oracleidentitycloudservice/doagoci02"
            },
            "display_name": "sl-doag-student-02-public",
            "egress_security_rules": [
              {
                "description": "",
                "destination": "0.0.0.0/0",
                "destination_type": "CIDR_BLOCK",
                "icmp_options": [],
                "protocol": "all",
                "stateless": false,
                "tcp_options": [],
                "udp_options": []
              }
            ],
            "freeform_tags": {},
            "id": "ocid1.securitylist.oc1.eu-frankfurt-1.aaaaaaaafgluqavvuc2tnywkgmeh3cbzwyushq33wxbdjq4rx3g5hcrda7ya",
            "ingress_security_rules": [
              {
                "description": "Allow inbound HTTP traffic",
                "icmp_options": [],
                "protocol": "6",
                "source": "0.0.0.0/0",
                "source_type": "CIDR_BLOCK",
                "stateless": false,
                "tcp_options": [
                  {
                    "max": 80,
                    "min": 80,
                    "source_port_range": []
                  }
                ],
                "udp_options": []
              },
              {
                "description": "Allow inbound SSH traffic",
                "icmp_options": [],
                "protocol": "6",
                "source": "0.0.0.0/0",
                "source_type": "CIDR_BLOCK",
                "stateless": false,
                "tcp_options": [
                  {
                    "max": 22,
                    "min": 22,
                    "source_port_range": []
                  }
                ],
                "udp_options": []
              }
            ],
            "manage_default_resource_id": "ocid1.securitylist.oc1.eu-frankfurt-1.aaaaaaaafgluqavvuc2tnywkgmeh3cbzwyushq33wxbdjq4rx3g5hcrda7ya",
            "state": "AVAILABLE",
            "time_created": "2022-09-22 14:06:38.821 +0000 UTC",
            "timeouts": null
          },
          "sensitive_attributes": [],
          "private": "eyJlMmJmYjczMC1lY2FhLTExZTYtOGY4OC0zNDM2M2JjN2M0YzAiOnsiY3JlYXRlIjoxMjAwMDAwMDAwMDAwLCJkZWxldGUiOjEyMDAwMDAwMDAwMDAsInVwZGF0ZSI6MTIwMDAwMDAwMDAwMH19",
          "dependencies": [
            "data.oci_identity_compartment.lab_compartment",
            "oci_core_vcn.vcn"
          ]
        }
      ]
    },
    {
      "mode": "managed",
      "type": "oci_core_dhcp_options",
      "name": "private_dhcp_option",
      "provider": "provider[\"registry.terraform.io/oracle/oci\"]",
      "instances": [
        {
          "schema_version": 0,
          "attributes": {
            "compartment_id": "ocid1.compartment.oc1..aaaaaaaaumf6pqxtptt2vx3bfql7oidhjn6qezigum2s7y6x2yq5363smq3a",
            "defined_tags": {
              "Oracle-Tags.CreatedBy": "oracleidentitycloudservice/doagoci02",
              "Oracle-Tags.CreatedOn": "2022-09-22T14:06:39.684Z",
              "Owner.Creator": "oracleidentitycloudservice/doagoci02"
            },
            "display_name": "Default private dhcp vnc-doag-student-02",
            "domain_name_type": "CUSTOM_DOMAIN",
            "freeform_tags": {},
            "id": "ocid1.dhcpoptions.oc1.eu-frankfurt-1.aaaaaaaajjwq3olgfpq6djbtkbc2gqya2sgnatrks6iz6pcrflrwcifvij2q",
            "options": [
              {
                "custom_dns_servers": [],
                "search_domain_names": [
                  "doagstudent02.oraclevcn.com"
                ],
                "server_type": "",
                "type": "SearchDomain"
              },
              {
                "custom_dns_servers": [],
                "search_domain_names": [],
                "server_type": "VcnLocalPlusInternet",
                "type": "DomainNameServer"
              }
            ],
            "state": "AVAILABLE",
            "time_created": "2022-09-22 14:06:39.786 +0000 UTC",
            "timeouts": null,
            "vcn_id": "ocid1.vcn.oc1.eu-frankfurt-1.amaaaaaafa2l3syalwo74pp3eq2ih25gi6izgzljxucwrvxunhpahjdokq4q"
          },
          "sensitive_attributes": [],
          "private": "eyJlMmJmYjczMC1lY2FhLTExZTYtOGY4OC0zNDM2M2JjN2M0YzAiOnsiY3JlYXRlIjoxMjAwMDAwMDAwMDAwLCJkZWxldGUiOjEyMDAwMDAwMDAwMDAsInVwZGF0ZSI6MTIwMDAwMDAwMDAwMH19",
          "dependencies": [
            "data.oci_identity_compartment.lab_compartment",
            "data.oci_identity_compartments.lab_compartments",
            "oci_core_vcn.vcn"
          ]
        }
      ]
    },
    {
      "mode": "managed",
      "type": "oci_core_internet_gateway",
      "name": "igw",
      "provider": "provider[\"registry.terraform.io/oracle/oci\"]",
      "instances": [
        {
          "schema_version": 0,
          "attributes": {
            "compartment_id": "ocid1.compartment.oc1..aaaaaaaaumf6pqxtptt2vx3bfql7oidhjn6qezigum2s7y6x2yq5363smq3a",
            "defined_tags": {
              "Oracle-Tags.CreatedBy": "oracleidentitycloudservice/doagoci02",
              "Oracle-Tags.CreatedOn": "2022-09-22T14:07:38.799Z",
              "Owner.Creator": "oracleidentitycloudservice/doagoci02"
            },
            "display_name": "igw-doag-student-02",
            "enabled": true,
            "freeform_tags": {},
            "id": "ocid1.internetgateway.oc1.eu-frankfurt-1.aaaaaaaatk3x4xnakgwloolejoef72lyoo2vne5vtsxs6r57uv3t4j5w57ja",
            "route_table_id": null,
            "state": "AVAILABLE",
            "time_created": "2022-09-22 14:07:38.858 +0000 UTC",
            "timeouts": null,
            "vcn_id": "ocid1.vcn.oc1.eu-frankfurt-1.amaaaaaafa2l3syalwo74pp3eq2ih25gi6izgzljxucwrvxunhpahjdokq4q"
          },
          "sensitive_attributes": [],
          "private": "eyJlMmJmYjczMC1lY2FhLTExZTYtOGY4OC0zNDM2M2JjN2M0YzAiOnsiY3JlYXRlIjoxMjAwMDAwMDAwMDAwLCJkZWxldGUiOjEyMDAwMDAwMDAwMDAsInVwZGF0ZSI6MTIwMDAwMDAwMDAwMH19",
          "dependencies": [
            "data.oci_identity_compartment.lab_compartment",
            "data.oci_identity_compartments.lab_compartments",
            "oci_core_vcn.vcn"
          ]
        }
      ]
    },
    {
      "mode": "managed",
      "type": "oci_core_nat_gateway",
      "name": "ngw",
      "provider": "provider[\"registry.terraform.io/oracle/oci\"]",
      "instances": [
        {
          "schema_version": 0,
          "attributes": {
            "block_traffic": false,
            "compartment_id": "ocid1.compartment.oc1..aaaaaaaaumf6pqxtptt2vx3bfql7oidhjn6qezigum2s7y6x2yq5363smq3a",
            "defined_tags": {
              "Oracle-Tags.CreatedBy": "oracleidentitycloudservice/doagoci02",
              "Oracle-Tags.CreatedOn": "2022-09-22T14:07:59.754Z",
              "Owner.Creator": "oracleidentitycloudservice/doagoci02"
            },
            "display_name": "ngw-doag-student-02",
            "freeform_tags": {},
            "id": "ocid1.natgateway.oc1.eu-frankfurt-1.aaaaaaaa7vunjpeq6g6ywo377paifenqhhnymq6os6fcaxek2m4mrrmgxqwa",
            "nat_ip": "132.226.200.108",
            "public_ip_id": "ocid1.publicip.oc1.eu-frankfurt-1.aaaaaaaa7ws6pa7hfgtzt5et7zpc4nlch6tbyesfsyhspclg5pbzbk67xlyq",
            "route_table_id": null,
            "state": "AVAILABLE",
            "time_created": "2022-09-22 14:08:00.086 +0000 UTC",
            "timeouts": null,
            "vcn_id": "ocid1.vcn.oc1.eu-frankfurt-1.amaaaaaafa2l3syalwo74pp3eq2ih25gi6izgzljxucwrvxunhpahjdokq4q"
          },
          "sensitive_attributes": [],
          "private": "eyJlMmJmYjczMC1lY2FhLTExZTYtOGY4OC0zNDM2M2JjN2M0YzAiOnsiY3JlYXRlIjoxMjAwMDAwMDAwMDAwLCJkZWxldGUiOjEyMDAwMDAwMDAwMDAsInVwZGF0ZSI6MTIwMDAwMDAwMDAwMH19",
          "dependencies": [
            "data.oci_identity_compartment.lab_compartment",
            "data.oci_identity_compartments.lab_compartments",
            "oci_core_vcn.vcn"
          ]
        }
      ]
    },
    {
      "mode": "managed",
      "type": "oci_core_route_table",
      "name": "private_route_table",
      "provider": "provider[\"registry.terraform.io/oracle/oci\"]",
      "instances": [
        {
          "schema_version": 0,
          "attributes": {
            "compartment_id": "ocid1.compartment.oc1..aaaaaaaaumf6pqxtptt2vx3bfql7oidhjn6qezigum2s7y6x2yq5363smq3a",
            "defined_tags": {
              "Oracle-Tags.CreatedBy": "oracleidentitycloudservice/doagoci02",
              "Oracle-Tags.CreatedOn": "2022-09-22T14:08:58.787Z",
              "Owner.Creator": "oracleidentitycloudservice/doagoci02"
            },
            "display_name": "rt-doag-student-02-private",
            "freeform_tags": {},
            "id": "ocid1.routetable.oc1.eu-frankfurt-1.aaaaaaaazfmpsypd35kqibcdmauv74oonhlaknhvypiqskwhqlpmvmfktbaq",
            "route_rules": [
              {
                "cidr_block": "",
                "description": "",
                "destination": "0.0.0.0/0",
                "destination_type": "CIDR_BLOCK",
                "network_entity_id": "ocid1.natgateway.oc1.eu-frankfurt-1.aaaaaaaa7vunjpeq6g6ywo377paifenqhhnymq6os6fcaxek2m4mrrmgxqwa",
                "route_type": ""
              }
            ],
            "state": "AVAILABLE",
            "time_created": "2022-09-22 14:08:58.816 +0000 UTC",
            "timeouts": null,
            "vcn_id": "ocid1.vcn.oc1.eu-frankfurt-1.amaaaaaafa2l3syalwo74pp3eq2ih25gi6izgzljxucwrvxunhpahjdokq4q"
          },
          "sensitive_attributes": [],
          "private": "eyJlMmJmYjczMC1lY2FhLTExZTYtOGY4OC0zNDM2M2JjN2M0YzAiOnsiY3JlYXRlIjoxMjAwMDAwMDAwMDAwLCJkZWxldGUiOjEyMDAwMDAwMDAwMDAsInVwZGF0ZSI6MTIwMDAwMDAwMDAwMH19",
          "dependencies": [
            "data.oci_identity_compartment.lab_compartment",
            "data.oci_identity_compartments.lab_compartments",
            "oci_core_nat_gateway.ngw",
            "oci_core_vcn.vcn"
          ]
        }
      ]
    },
    {
      "mode": "managed",
      "type": "oci_core_security_list",
      "name": "private_security_list",
      "provider": "provider[\"registry.terraform.io/oracle/oci\"]",
      "instances": [
        {
          "schema_version": 0,
          "attributes": {
            "compartment_id": "ocid1.compartment.oc1..aaaaaaaaumf6pqxtptt2vx3bfql7oidhjn6qezigum2s7y6x2yq5363smq3a",
            "defined_tags": {
              "Oracle-Tags.CreatedBy": "oracleidentitycloudservice/doagoci02",
              "Oracle-Tags.CreatedOn": "2022-09-22T14:10:10.326Z",
              "Owner.Creator": "oracleidentitycloudservice/doagoci02"
            },
            "display_name": "sl-doag-student-02-private",
            "egress_security_rules": [
              {
                "description": "",
                "destination": "0.0.0.0/0",
                "destination_type": "CIDR_BLOCK",
                "icmp_options": [],
                "protocol": "all",
                "stateless": false,
                "tcp_options": [],
                "udp_options": []
              }
            ],
            "freeform_tags": {},
            "id": "ocid1.securitylist.oc1.eu-frankfurt-1.aaaaaaaarpe4zeso36w34vlywwhcafy2yvtlggbbtotyerkg43j7hmylslda",
            "ingress_security_rules": [
              {
                "description": "Allow inbound HTTP traffic",
                "icmp_options": [],
                "protocol": "6",
                "source": "0.0.0.0/0",
                "source_type": "CIDR_BLOCK",
                "stateless": false,
                "tcp_options": [
                  {
                    "max": 80,
                    "min": 80,
                    "source_port_range": []
                  }
                ],
                "udp_options": []
              },
              {
                "description": "Allow inbound SQL traffic",
                "icmp_options": [],
                "protocol": "6",
                "source": "0.0.0.0/0",
                "source_type": "CIDR_BLOCK",
                "stateless": false,
                "tcp_options": [
                  {
                    "max": 1521,
                    "min": 1521,
                    "source_port_range": []
                  }
                ],
                "udp_options": []
              },
              {
                "description": "Allow inbound SSH traffic",
                "icmp_options": [],
                "protocol": "6",
                "source": "0.0.0.0/0",
                "source_type": "CIDR_BLOCK",
                "stateless": false,
                "tcp_options": [
                  {
                    "max": 22,
                    "min": 22,
                    "source_port_range": []
                  }
                ],
                "udp_options": []
              }
            ],
            "state": "AVAILABLE",
            "time_created": "2022-09-22 14:10:10.358 +0000 UTC",
            "timeouts": null,
            "vcn_id": "ocid1.vcn.oc1.eu-frankfurt-1.amaaaaaafa2l3syalwo74pp3eq2ih25gi6izgzljxucwrvxunhpahjdokq4q"
          },
          "sensitive_attributes": [],
          "private": "eyJlMmJmYjczMC1lY2FhLTExZTYtOGY4OC0zNDM2M2JjN2M0YzAiOnsiY3JlYXRlIjoxMjAwMDAwMDAwMDAwLCJkZWxldGUiOjEyMDAwMDAwMDAwMDAsInVwZGF0ZSI6MTIwMDAwMDAwMDAwMH19",
          "dependencies": [
            "data.oci_identity_compartment.lab_compartment",
            "oci_core_vcn.vcn"
          ]
        }
      ]
    },
    {
      "mode": "managed",
      "type": "oci_core_subnet",
      "name": "private_subnet1",
      "provider": "provider[\"registry.terraform.io/oracle/oci\"]",
      "instances": [
        {
          "schema_version": 0,
          "attributes": {
            "availability_domain": null,
            "cidr_block": "10.0.2.0/24",
            "compartment_id": "ocid1.compartment.oc1..aaaaaaaaumf6pqxtptt2vx3bfql7oidhjn6qezigum2s7y6x2yq5363smq3a",
            "defined_tags": {
              "Oracle-Tags.CreatedBy": "oracleidentitycloudservice/doagoci02",
              "Oracle-Tags.CreatedOn": "2022-09-22T14:10:26.042Z",
              "Owner.Creator": "oracleidentitycloudservice/doagoci02"
            },
            "dhcp_options_id": "ocid1.dhcpoptions.oc1.eu-frankfurt-1.aaaaaaaajjwq3olgfpq6djbtkbc2gqya2sgnatrks6iz6pcrflrwcifvij2q",
            "display_name": "sn-doag-student-02-private-app",
            "dns_label": "snstudentpvap02",
            "freeform_tags": {},
            "id": "ocid1.subnet.oc1.eu-frankfurt-1.aaaaaaaagtzf5d2wzxprrhp6uuj3iiuc42gswvw6ehijbds6fpbmyc4ckm7q",
            "ipv6cidr_block": null,
            "ipv6cidr_blocks": [],
            "ipv6virtual_router_ip": null,
            "prohibit_internet_ingress": true,
            "prohibit_public_ip_on_vnic": true,
            "route_table_id": "ocid1.routetable.oc1.eu-frankfurt-1.aaaaaaaazfmpsypd35kqibcdmauv74oonhlaknhvypiqskwhqlpmvmfktbaq",
            "security_list_ids": [
              "ocid1.securitylist.oc1.eu-frankfurt-1.aaaaaaaarpe4zeso36w34vlywwhcafy2yvtlggbbtotyerkg43j7hmylslda"
            ],
            "state": "AVAILABLE",
            "subnet_domain_name": "snstudentpvap02.doagstudent02.oraclevcn.com",
            "time_created": "2022-09-22 14:10:26.096 +0000 UTC",
            "timeouts": null,
            "vcn_id": "ocid1.vcn.oc1.eu-frankfurt-1.amaaaaaafa2l3syalwo74pp3eq2ih25gi6izgzljxucwrvxunhpahjdokq4q",
            "virtual_router_ip": "10.0.2.1",
            "virtual_router_mac": "00:00:17:C5:92:DA"
          },
          "sensitive_attributes": [],
          "private": "eyJlMmJmYjczMC1lY2FhLTExZTYtOGY4OC0zNDM2M2JjN2M0YzAiOnsiY3JlYXRlIjoxMjAwMDAwMDAwMDAwLCJkZWxldGUiOjEyMDAwMDAwMDAwMDAsInVwZGF0ZSI6MTIwMDAwMDAwMDAwMH19",
          "dependencies": [
            "data.oci_identity_compartment.lab_compartment",
            "oci_core_dhcp_options.private_dhcp_option",
            "oci_core_route_table.private_route_table",
            "oci_core_security_list.private_security_list",
            "oci_core_vcn.vcn"
          ]
        }
      ]
    },
    {
      "mode": "managed",
      "type": "oci_core_subnet",
      "name": "private_subnet2",
      "provider": "provider[\"registry.terraform.io/oracle/oci\"]",
      "instances": [
        {
          "schema_version": 0,
          "attributes": {
            "availability_domain": null,
            "cidr_block": "10.0.3.0/24",
            "compartment_id": "ocid1.compartment.oc1..aaaaaaaaumf6pqxtptt2vx3bfql7oidhjn6qezigum2s7y6x2yq5363smq3a",
            "defined_tags": {
              "Oracle-Tags.CreatedBy": "oracleidentitycloudservice/doagoci02",
              "Oracle-Tags.CreatedOn": "2022-09-22T14:10:26.034Z",
              "Owner.Creator": "oracleidentitycloudservice/doagoci02"
            },
            "dhcp_options_id": "ocid1.dhcpoptions.oc1.eu-frankfurt-1.aaaaaaaajjwq3olgfpq6djbtkbc2gqya2sgnatrks6iz6pcrflrwcifvij2q",
            "display_name": "sn-doag-student-02-private-db",
            "dns_label": "snstudentpvdb02",
            "freeform_tags": {},
            "id": "ocid1.subnet.oc1.eu-frankfurt-1.aaaaaaaarcgx4i43ndguhp2erdtrp3rbxtgdcnjidoykjucwq4ld6oo32qua",
            "ipv6cidr_block": null,
            "ipv6cidr_blocks": [],
            "ipv6virtual_router_ip": null,
            "prohibit_internet_ingress": true,
            "prohibit_public_ip_on_vnic": true,
            "route_table_id": "ocid1.routetable.oc1.eu-frankfurt-1.aaaaaaaazfmpsypd35kqibcdmauv74oonhlaknhvypiqskwhqlpmvmfktbaq",
            "security_list_ids": [
              "ocid1.securitylist.oc1.eu-frankfurt-1.aaaaaaaarpe4zeso36w34vlywwhcafy2yvtlggbbtotyerkg43j7hmylslda"
            ],
            "state": "AVAILABLE",
            "subnet_domain_name": "snstudentpvdb02.doagstudent02.oraclevcn.com",
            "time_created": "2022-09-22 14:10:26.347 +0000 UTC",
            "timeouts": null,
            "vcn_id": "ocid1.vcn.oc1.eu-frankfurt-1.amaaaaaafa2l3syalwo74pp3eq2ih25gi6izgzljxucwrvxunhpahjdokq4q",
            "virtual_router_ip": "10.0.3.1",
            "virtual_router_mac": "00:00:17:C5:92:DA"
          },
          "sensitive_attributes": [],
          "private": "eyJlMmJmYjczMC1lY2FhLTExZTYtOGY4OC0zNDM2M2JjN2M0YzAiOnsiY3JlYXRlIjoxMjAwMDAwMDAwMDAwLCJkZWxldGUiOjEyMDAwMDAwMDAwMDAsInVwZGF0ZSI6MTIwMDAwMDAwMDAwMH19",
          "dependencies": [
            "data.oci_identity_compartment.lab_compartment",
            "oci_core_dhcp_options.private_dhcp_option",
            "oci_core_route_table.private_route_table",
            "oci_core_security_list.private_security_list",
            "oci_core_vcn.vcn"
          ]
        }
      ]
    },
    {
      "mode": "managed",
      "type": "oci_core_subnet",
      "name": "public_subnet",
      "provider": "provider[\"registry.terraform.io/oracle/oci\"]",
      "instances": [
        {
          "schema_version": 0,
          "attributes": {
            "availability_domain": null,
            "cidr_block": "10.0.1.0/24",
            "compartment_id": "ocid1.compartment.oc1..aaaaaaaaumf6pqxtptt2vx3bfql7oidhjn6qezigum2s7y6x2yq5363smq3a",
            "defined_tags": {
              "Oracle-Tags.CreatedBy": "oracleidentitycloudservice/doagoci02",
              "Oracle-Tags.CreatedOn": "2022-09-22T14:10:25.527Z",
              "Owner.Creator": "oracleidentitycloudservice/doagoci02"
            },
            "dhcp_options_id": "ocid1.dhcpoptions.oc1.eu-frankfurt-1.aaaaaaaaquz536dx2yuu3nmi32efbanaxuazygcv76hbhor4s2qdo4ijutuq",
            "display_name": "sn-doag-student-02-public",
            "dns_label": "snstudentpub02",
            "freeform_tags": {},
            "id": "ocid1.subnet.oc1.eu-frankfurt-1.aaaaaaaaxkhqzmrri22situirrh2xsybqly53tfeslgxb5pe7qxlx6olfz7a",
            "ipv6cidr_block": null,
            "ipv6cidr_blocks": [],
            "ipv6virtual_router_ip": null,
            "prohibit_internet_ingress": false,
            "prohibit_public_ip_on_vnic": false,
            "route_table_id": "ocid1.routetable.oc1.eu-frankfurt-1.aaaaaaaa7sxzfnvve76hw5zsj7ympg3ahfg34dqiidcam2cwcimgsazhi5ra",
            "security_list_ids": [
              "ocid1.securitylist.oc1.eu-frankfurt-1.aaaaaaaafgluqavvuc2tnywkgmeh3cbzwyushq33wxbdjq4rx3g5hcrda7ya"
            ],
            "state": "AVAILABLE",
            "subnet_domain_name": "snstudentpub02.doagstudent02.oraclevcn.com",
            "time_created": "2022-09-22 14:10:25.585 +0000 UTC",
            "timeouts": null,
            "vcn_id": "ocid1.vcn.oc1.eu-frankfurt-1.amaaaaaafa2l3syalwo74pp3eq2ih25gi6izgzljxucwrvxunhpahjdokq4q",
            "virtual_router_ip": "10.0.1.1",
            "virtual_router_mac": "00:00:17:C5:92:DA"
          },
          "sensitive_attributes": [],
          "private": "eyJlMmJmYjczMC1lY2FhLTExZTYtOGY4OC0zNDM2M2JjN2M0YzAiOnsiY3JlYXRlIjoxMjAwMDAwMDAwMDAwLCJkZWxldGUiOjEyMDAwMDAwMDAwMDAsInVwZGF0ZSI6MTIwMDAwMDAwMDAwMH19",
          "dependencies": [
            "data.oci_identity_compartment.lab_compartment",
            "oci_core_vcn.vcn"
          ]
        }
      ]
    },
    {
      "mode": "managed",
      "type": "oci_core_vcn",
      "name": "vcn",
      "provider": "provider[\"registry.terraform.io/oracle/oci\"]",
      "instances": [
        {
          "schema_version": 0,
          "attributes": {
            "byoipv6cidr_blocks": [],
            "byoipv6cidr_details": [],
            "cidr_block": "10.0.0.0/16",
            "cidr_blocks": [
              "10.0.0.0/16"
            ],
            "compartment_id": "ocid1.compartment.oc1..aaaaaaaaumf6pqxtptt2vx3bfql7oidhjn6qezigum2s7y6x2yq5363smq3a",
            "default_dhcp_options_id": "ocid1.dhcpoptions.oc1.eu-frankfurt-1.aaaaaaaaquz536dx2yuu3nmi32efbanaxuazygcv76hbhor4s2qdo4ijutuq",
            "default_route_table_id": "ocid1.routetable.oc1.eu-frankfurt-1.aaaaaaaa7sxzfnvve76hw5zsj7ympg3ahfg34dqiidcam2cwcimgsazhi5ra",
            "default_security_list_id": "ocid1.securitylist.oc1.eu-frankfurt-1.aaaaaaaafgluqavvuc2tnywkgmeh3cbzwyushq33wxbdjq4rx3g5hcrda7ya",
            "defined_tags": {
              "Oracle-Tags.CreatedBy": "oracleidentitycloudservice/doagoci02",
              "Oracle-Tags.CreatedOn": "2022-09-22T14:06:38.710Z",
              "Owner.Creator": "oracleidentitycloudservice/doagoci02"
            },
            "display_name": "vnc-doag-student-02",
            "dns_label": "doagstudent02",
            "freeform_tags": {},
            "id": "ocid1.vcn.oc1.eu-frankfurt-1.amaaaaaafa2l3syalwo74pp3eq2ih25gi6izgzljxucwrvxunhpahjdokq4q",
            "ipv6cidr_blocks": [],
            "ipv6private_cidr_blocks": [],
            "is_ipv6enabled": false,
            "is_oracle_gua_allocation_enabled": null,
            "state": "AVAILABLE",
            "time_created": "2022-09-22 14:06:38.821 +0000 UTC",
            "timeouts": null,
            "vcn_domain_name": "doagstudent02.oraclevcn.com"
          },
          "sensitive_attributes": [],
          "private": "eyJlMmJmYjczMC1lY2FhLTExZTYtOGY4OC0zNDM2M2JjN2M0YzAiOnsiY3JlYXRlIjoxMjAwMDAwMDAwMDAwLCJkZWxldGUiOjEyMDAwMDAwMDAwMDAsInVwZGF0ZSI6MTIwMDAwMDAwMDAwMH19",
          "dependencies": [
            "data.oci_identity_compartment.lab_compartment",
            "data.oci_identity_compartments.lab_compartments"
          ]
        }
      ]
    }
  ]
}
